
Microsoft Visual Studio Solution File, Format Version 12.00
# Visual Studio 15
VisualStudioVersion = 15.0.27004.2005
MinimumVisualStudioVersion = 10.0.40219.1
Project("{FAE04EC0-301F-11D3-BF4B-00C04F79EFBC}") = "SayilariAt-lat", "SayilariAt-lat\SayilariAt-lat.csproj", "{7BEDDD65-D93B-47D0-9430-974535C5ABB7}"
EndProject
Global
	GlobalSection(SolutionConfigurationPlatforms) = preSolution
		Debug|Any CPU = Debug|Any CPU
		Release|Any CPU = Release|Any CPU
	EndGlobalSection
	GlobalSection(ProjectConfigurationPlatforms) = postSolution
		{7BEDDD65-D93B-47D0-9430-974535C5ABB7}.Debug|Any CPU.ActiveCfg = Debug|Any CPU
		{7BEDDD65-D93B-47D0-9430-974535C5ABB7}.Debug|Any CPU.Build.0 = Debug|Any CPU
		{7BEDDD65-D93B-47D0-9430-974535C5ABB7}.Release|Any CPU.ActiveCfg = Release|Any CPU
		{7BEDDD65-D93B-47D0-9430-974535C5ABB7}.Release|Any CPU.Build.0 = Release|Any CPU
	EndGlobalSection
	GlobalSection(SolutionProperties) = preSolution
		HideSolutionNode = FALSE
	EndGlobalSection
	GlobalSection(ExtensibilityGlobals) = postSolution
		SolutionGuid = {1EA09317-D6D3-4980-9B56-821390805FD7}
	EndGlobalSection
EndGlobal
